// !$*UTF8*$!
{
	archiveVersion = 1;
	classes = {
	};
	objectVersion = 48;
	objects = {

/* Begin PBXBuildFile section */
		CF3406132020C68500C8FA9E /* AppDelegate.swift in Sources */ = {isa = PBXBuildFile; fileRef = CF3406122020C68500C8FA9E /* AppDelegate.swift */; };
		CF3406182020C68500C8FA9E /* Main.storyboard in Resources */ = {isa = PBXBuildFile; fileRef = CF3406162020C68500C8FA9E /* Main.storyboard */; };
		CF34061A2020C68500C8FA9E /* Assets.xcassets in Resources */ = {isa = PBXBuildFile; fileRef = CF3406192020C68500C8FA9E /* Assets.xcassets */; };
		CF34061D2020C68500C8FA9E /* LaunchScreen.storyboard in Resources */ = {isa = PBXBuildFile; fileRef = CF34061B2020C68500C8FA9E /* LaunchScreen.storyboard */; };
		CFC05AF52020C6F5000C8558 /* SWRevealViewController.m in Sources */ = {isa = PBXBuildFile; fileRef = CFC05AF32020C6F4000C8558 /* SWRevealViewController.m */; };
		CFC05AF72020C84B000C8558 /* HomeViewController.swift in Sources */ = {isa = PBXBuildFile; fileRef = CFC05AF62020C84B000C8558 /* HomeViewController.swift */; };
		CFC05AF92020C859000C8558 /* LoginViewController.swift in Sources */ = {isa = PBXBuildFile; fileRef = CFC05AF82020C859000C8558 /* LoginViewController.swift */; };
		CFC05AFB2020C863000C8558 /* ProfileViewController.swift in Sources */ = {isa = PBXBuildFile; fileRef = CFC05AFA2020C863000C8558 /* ProfileViewController.swift */; };
		CFC05AFD2020CA47000C8558 /* SideMenuViewController.swift in Sources */ = {isa = PBXBuildFile; fileRef = CFC05AFC2020CA47000C8558 /* SideMenuViewController.swift */; };
/* End PBXBuildFile section */

/* Begin PBXFileReference section */
		CF34060F2020C68500C8FA9E /* sideMenu3.app */ = {isa = PBXFileReference; explicitFileType = wrapper.application; includeInIndex = 0; path = sideMenu3.app; sourceTree = BUILT_PRODUCTS_DIR; };
		CF3406122020C68500C8FA9E /* AppDelegate.swift */ = {isa = PBXFileReference; lastKnownFileType = sourcecode.swift; path = AppDelegate.swift; sourceTree = "<group>"; };
		CF3406172020C68500C8FA9E /* Base */ = {isa = PBXFileReference; lastKnownFileType = file.storyboard; name = Base; path = Base.lproj/Main.storyboard; sourceTree = "<group>"; };
		CF3406192020C68500C8FA9E /* Assets.xcassets */ = {isa = PBXFileReference; lastKnownFileType = folder.assetcatalog; path = Assets.xcassets; sourceTree = "<group>"; };
		CF34061C2020C68500C8FA9E /* Base */ = {isa = PBXFileReference; lastKnownFileType = file.storyboard; name = Base; path = Base.lproj/LaunchScreen.storyboard; sourceTree = "<group>"; };
		CF34061E2020C68500C8FA9E /* Info.plist */ = {isa = PBXFileReference; lastKnownFileType = text.plist.xml; path = Info.plist; sourceTree = "<group>"; };
		CFC05AF22020C6F4000C8558 /* sideMenu3-Bridging-Header.h */ = {isa = PBXFileReference; lastKnownFileType = sourcecode.c.h; path = "sideMenu3-Bridging-Header.h"; sourceTree = "<group>"; };
		CFC05AF32020C6F4000C8558 /* SWRevealViewController.m */ = {isa = PBXFileReference; fileEncoding = 4; lastKnownFileType = sourcecode.c.objc; path = SWRevealViewController.m; sourceTree = "<group>"; };
		CFC05AF42020C6F5000C8558 /* SWRevealViewController.h */ = {isa = PBXFileReference; fileEncoding = 4; lastKnownFileType = sourcecode.c.h; path = SWRevealViewController.h; sourceTree = "<group>"; };
		CFC05AF62020C84B000C8558 /* HomeViewController.swift */ = {isa = PBXFileReference; lastKnownFileType = sourcecode.swift; path = HomeViewController.swift; sourceTree = "<group>"; };
		CFC05AF82020C859000C8558 /* LoginViewController.swift */ = {isa = PBXFileReference; lastKnownFileType = sourcecode.swift; path = LoginViewController.swift; sourceTree = "<group>"; };
		CFC05AFA2020C863000C8558 /* ProfileViewController.swift */ = {isa = PBXFileReference; lastKnownFileType = sourcecode.swift; path = ProfileViewController.swift; sourceTree = "<group>"; };
		CFC05AFC2020CA47000C8558 /* SideMenuViewController.swift */ = {isa = PBXFileReference; lastKnownFileType = sourcecode.swift; path = SideMenuViewController.swift; sourceTree = "<group>"; };
/* End PBXFileReference section */

/* Begin PBXFrameworksBuildPhase section */
		CF34060C2020C68500C8FA9E /* Frameworks */ = {
			isa = PBXFrameworksBuildPhase;
			buildActionMask = 2147483647;
			files = (
			);
			runOnlyForDeploymentPostprocessing = 0;
		};
/* End PBXFrameworksBuildPhase section */

/* Begin PBXGroup section */
		CF3406062020C68500C8FA9E = {
			isa = PBXGroup;
			children = (
				CF3406112020C68500C8FA9E /* sideMenu3 */,
				CF3406102020C68500C8FA9E /* Products */,
			);
			sourceTree = "<group>";
		};
		CF3406102020C68500C8FA9E /* Products */ = {
			isa = PBXGroup;
			children = (
				CF34060F2020C68500C8FA9E /* sideMenu3.app */,
			);
			name = Products;
			sourceTree = "<group>";
		};
		CF3406112020C68500C8FA9E /* sideMenu3 */ = {
			isa = PBXGroup;
			children = (
				CF3406122020C68500C8FA9E /* AppDelegate.swift */,
				CF3406162020C68500C8FA9E /* Main.storyboard */,
				CFC05AF62020C84B000C8558 /* HomeViewController.swift */,
				CFC05AFC2020CA47000C8558 /* SideMenuViewController.swift */,
				CFC05AF82020C859000C8558 /* LoginViewController.swift */,
				CFC05AFA2020C863000C8558 /* ProfileViewController.swift */,
				CF3406192020C68500C8FA9E /* Assets.xcassets */,
				CF34061B2020C68500C8FA9E /* LaunchScreen.storyboard */,
				CF34061E2020C68500C8FA9E /* Info.plist */,
				CFC05AF42020C6F5000C8558 /* SWRevealViewController.h */,
				CFC05AF32020C6F4000C8558 /* SWRevealViewController.m */,
				CFC05AF22020C6F4000C8558 /* sideMenu3-Bridging-Header.h */,
			);
			path = sideMenu3;
			sourceTree = "<group>";
		};
/* End PBXGroup section */

/* Begin PBXNativeTarget section */
		CF34060E2020C68500C8FA9E /* sideMenu3 */ = {
			isa = PBXNativeTarget;
			buildConfigurationList = CF3406212020C68500C8FA9E /* Build configuration list for PBXNativeTarget "sideMenu3" */;
			buildPhases = (
				CF34060B2020C68500C8FA9E /* Sources */,
				CF34060C2020C68500C8FA9E /* Frameworks */,
				CF34060D2020C68500C8FA9E /* Resources */,
			);
			buildRules = (
			);
			dependencies = (
			);
			name = sideMenu3;
			productName = sideMenu3;
			productReference = CF34060F2020C68500C8FA9E /* sideMenu3.app */;
			productType = "com.apple.product-type.application";
		};
/* End PBXNativeTarget section */

/* Begin PBXProject section */
		CF3406072020C68500C8FA9E /* Project object */ = {
			isa = PBXProject;
			attributes = {
				LastSwiftUpdateCheck = 0920;
				LastUpgradeCheck = 0920;
				ORGANIZATIONNAME = test;
				TargetAttributes = {
					CF34060E2020C68500C8FA9E = {
						CreatedOnToolsVersion = 9.2;
						LastSwiftMigration = 0920;
						ProvisioningStyle = Automatic;
					};
				};
			};
			buildConfigurationList = CF34060A2020C68500C8FA9E /* Build configuration list for PBXProject "sideMenu3" */;
			compatibilityVersion = "Xcode 8.0";
			developmentRegion = en;
			hasScannedForEncodings = 0;
			knownRegions = (
				en,
				Base,
			);
			mainGroup = CF3406062020C68500C8FA9E;
			productRefGroup = CF3406102020C68500C8FA9E /* Products */;
			projectDirPath = "";
			projectRoot = "";
			targets = (
				CF34060E2020C68500C8FA9E /* sideMenu3 */,
			);
		};
/* End PBXProject section */

/* Begin PBXResourcesBuildPhase section */
		CF34060D2020C68500C8FA9E /* Resources */ = {
			isa = PBXResourcesBuildPhase;
			buildActionMask = 2147483647;
			files = (
				CF34061D2020C68500C8FA9E /* LaunchScreen.storyboard in Resources */,
				CF34061A2020C68500C8FA9E /* Assets.xcassets in Resources */,
				CF3406182020C68500C8FA9E /* Main.storyboard in Resources */,
			);
			runOnlyForDeploymentPostprocessing = 0;
		};
/* End PBXResourcesBuildPhase section */

/* Begin PBXSourcesBuildPhase section */
		CF34060B2020C68500C8FA9E /* Sources */ = {
			isa = PBXSourcesBuildPhase;
			buildActionMask = 2147483647;
			files = (
				CFC05AFB2020C863000C8558 /* ProfileViewController.swift in Sources */,
				CF3406132020C68500C8FA9E /* AppDelegate.swift in Sources */,
				CFC05AF52020C6F5000C8558 /* SWRevealViewController.m in Sources */,
				CFC05AFD2020CA47000C8558 /* SideMenuViewController.swift in Sources */,
				CFC05AF92020C859000C8558 /* LoginViewController.swift in Sources */,
				CFC05AF72020C84B000C8558 /* HomeViewController.swift in Sources */,
			);
			runOnlyForDeploymentPostprocessing = 0;
		};
/* End PBXSourcesBuildPhase section */

/* Begin PBXVariantGroup section */
		CF3406162020C68500C8FA9E /* Main.storyboard */ = {
			isa = PBXVariantGroup;
			children = (
				CF3406172020C68500C8FA9E /* Base */,
			);
			name = Main.storyboard;
			sourceTree = "<group>";
		};
		CF34061B2020C68500C8FA9E /* LaunchScreen.storyboard */ = {
			isa = PBXVariantGroup;
			children = (
				CF34061C2020C68500C8FA9E /* Base */,
			);
			name = LaunchScreen.storyboard;
			sourceTree = "<group>";
		};
/* End PBXVariantGroup section */

/* Begin XCBuildConfiguration section */
		CF34061F2020C68500C8FA9E /* Debug */ = {
			isa = XCBuildConfiguration;
			buildSettings = {
				ALWAYS_SEARCH_USER_PATHS = NO;
				CLANG_ANALYZER_NONNULL = YES;
				CLANG_ANALYZER_NUMBER_OBJECT_CONVERSION = YES_AGGRESSIVE;
				CLANG_CXX_LANGUAGE_STANDARD = "gnu++14";
				CLANG_CXX_LIBRARY = "libc++";
				CLANG_ENABLE_MODULES = YES;
				CLANG_ENABLE_OBJC_ARC = YES;
				CLANG_WARN_BLOCK_CAPTURE_AUTORELEASING = YES;
				CLANG_WARN_BOOL_CONVERSION = YES;
				CLANG_WARN_COMMA = YES;
				CLANG_WARN_CONSTANT_CONVERSION = YES;
				CLANG_WARN_DIRECT_OBJC_ISA_USAGE = YES_ERROR;
				CLANG_WARN_DOCUMENTATION_COMMENTS = YES;
				CLANG_WARN_EMPTY_BODY = YES;
				CLANG_WARN_ENUM_CONVERSION = YES;
				CLANG_WARN_INFINITE_RECURSION = YES;
				CLANG_WARN_INT_CONVERSION = YES;
				CLANG_WARN_NON_LITERAL_NULL_CONVERSION = YES;
				CLANG_WARN_OBJC_LITERAL_CONVERSION = YES;
				CLANG_WARN_OBJC_ROOT_CLASS = YES_ERROR;
				CLANG_WARN_RANGE_LOOP_ANALYSIS = YES;
				CLANG_WARN_STRICT_PROTOTYPES = YES;
				CLANG_WARN_SUSPICIOUS_MOVE = YES;
				CLANG_WARN_UNGUARDED_AVAILABILITY = YES_AGGRESSIVE;
				CLANG_WARN_UNREACHABLE_CODE = YES;
				CLANG_WARN__DUPLICATE_METHOD_MATCH = YES;
				CODE_SIGN_IDENTITY = "iPhone Developer";
				COPY_PHASE_STRIP = NO;
				DEBUG_INFORMATION_FORMAT = dwarf;
				ENABLE_STRICT_OBJC_MSGSEND = YES;
				ENABLE_TESTABILITY = YES;
				GCC_C_LANGUAGE_STANDARD = gnu11;
				GCC_DYNAMIC_NO_PIC = NO;
				GCC_NO_COMMON_BLOCKS = YES;
				GCC_OPTIMIZATION_LEVEL = 0;
				GCC_PREPROCESSOR_DEFINITIONS = (
					"DEBUG=1",
					"$(inherited)",
				);
				GCC_WARN_64_TO_32_BIT_CONVERSION = YES;
				GCC_WARN_ABOUT_RETURN_TYPE = YES_ERROR;
				GCC_WARN_UNDECLARED_SELECTOR = YES;
				GCC_WARN_UNINITIALIZED_AUTOS = YES_AGGRESSIVE;
				GCC_WARN_UNUSED_FUNCTION = YES;
				GCC_WARN_UNUSED_VARIABLE = YES;
				IPHONEOS_DEPLOYMENT_TARGET = 11.2;
				MTL_ENABLE_DEBUG_INFO = YES;
				ONLY_ACTIVE_ARCH = YES;
				SDKROOT = iphoneos;
				SWIFT_ACTIVE_COMPILATION_CONDITIONS = DEBUG;
				SWIFT_OPTIMIZATION_LEVEL = "-Onone";
			};
			name = Debug;
		};
		CF3406202020C68500C8FA9E /* Release */ = {
			isa = XCBuildConfiguration;
			buildSettings = {
				ALWAYS_SEARCH_USER_PATHS = NO;
				CLANG_ANALYZER_NONNULL = YES;
				CLANG_ANALYZER_NUMBER_OBJECT_CONVERSION = YES_AGGRESSIVE;
				CLANG_CXX_LANGUAGE_STANDARD = "gnu++14";
				CLANG_CXX_LIBRARY = "libc++";
				CLANG_ENABLE_MODULES = YES;
				CLANG_ENABLE_OBJC_ARC = YES;
				CLANG_WARN_BLOCK_CAPTURE_AUTORELEASING = YES;
				CLANG_WARN_BOOL_CONVERSION = YES;
				CLANG_WARN_COMMA = YES;
				CLANG_WARN_CONSTANT_CONVERSION = YES;
				CLANG_WARN_DIRECT_OBJC_ISA_USAGE = YES_ERROR;
				CLANG_WARN_DOCUMENTATION_COMMENTS = YES;
				CLANG_WARN_EMPTY_BODY = YES;
				CLANG_WARN_ENUM_CONVERSION = YES;
				CLANG_WARN_INFINITE_RECURSION = YES;
				CLANG_WARN_INT_CONVERSION = YES;
				CLANG_WARN_NON_LITERAL_NULL_CONVERSION = YES;
				CLANG_WARN_OBJC_LITERAL_CONVERSION = YES;
				CLANG_WARN_OBJC_ROOT_CLASS = YES_ERROR;
				CLANG_WARN_RANGE_LOOP_ANALYSIS = YES;
				CLANG_WARN_STRICT_PROTOTYPES = YES;
				CLANG_WARN_SUSPICIOUS_MOVE = YES;
				CLANG_WARN_UNGUARDED_AVAILABILITY = YES_AGGRESSIVE;
				CLANG_WARN_UNREACHABLE_CODE = YES;
				CLANG_WARN__DUPLICATE_METHOD_MATCH = YES;
				CODE_SIGN_IDENTITY = "iPhone Developer";
				COPY_PHASE_STRIP = NO;
				DEBUG_INFORMATION_FORMAT = "dwarf-with-dsym";
				ENABLE_NS_ASSERTIONS = NO;
				ENABLE_STRICT_OBJC_MSGSEND = YES;
				GCC_C_LANGUAGE_STANDARD = gnu11;
				GCC_NO_COMMON_BLOCKS = YES;
				GCC_WARN_64_TO_32_BIT_CONVERSION = YES;
				GCC_WARN_ABOUT_RETURN_TYPE = YES_ERROR;
				GCC_WARN_UNDECLARED_SELECTOR = YES;
				GCC_WARN_UNINITIALIZED_AUTOS = YES_AGGRESSIVE;
				GCC_WARN_UNUSED_FUNCTION = YES;
				GCC_WARN_UNUSED_VARIABLE = YES;
				IPHONEOS_DEPLOYMENT_TARGET = 11.2;
				MTL_ENABLE_DEBUG_INFO = NO;
				SDKROOT = iphoneos;
				SWIFT_OPTIMIZATION_LEVEL = "-Owholemodule";
				VALIDATE_PRODUCT = YES;
			};
			name = Release;
		};
		CF3406222020C68500C8FA9E /* Debug */ = {
			isa = XCBuildConfiguration;
			buildSettings = {
				ASSETCATALOG_COMPILER_APPICON_NAME = AppIcon;
				CLANG_ENABLE_MODULES = YES;
				CODE_SIGN_STYLE = Automatic;
				DEVELOPMENT_TEAM = 38YP5JNHS9;
				INFOPLIST_FILE = sideMenu3/Info.plist;
				LD_RUNPATH_SEARCH_PATHS = "$(inherited) @executable_path/Frameworks";
				PRODUCT_BUNDLE_IDENTIFIER = com.test.sideMenu3;
				PRODUCT_NAME = "$(TARGET_NAME)";
				SWIFT_OBJC_BRIDGING_HEADER = "sideMenu3/sideMenu3-Bridging-Header.h";
				SWIFT_OPTIMIZATION_LEVEL = "-Onone";
				SWIFT_VERSION = 4.0;
				TARGETED_DEVICE_FAMILY = "1,2";
			};
			name = Debug;
		};
		CF3406232020C68500C8FA9E /* Release */ = {
			isa = XCBuildConfiguration;
			buildSettings = {
				ASSETCATALOG_COMPILER_APPICON_NAME = AppIcon;
				CLANG_ENABLE_MODULES = YES;
				CODE_SIGN_STYLE = Automatic;
				DEVELOPMENT_TEAM = 38YP5JNHS9;
				INFOPLIST_FILE = sideMenu3/Info.plist;
				LD_RUNPATH_SEARCH_PATHS = "$(inherited) @executable_path/Frameworks";
				PRODUCT_BUNDLE_IDENTIFIER = com.test.sideMenu3;
				PRODUCT_NAME = "$(TARGET_NAME)";
				SWIFT_OBJC_BRIDGING_HEADER = "sideMenu3/sideMenu3-Bridging-Header.h";
				SWIFT_VERSION = 4.0;
				TARGETED_DEVICE_FAMILY = "1,2";
			};
			name = Release;
		};
/* End XCBuildConfiguration section */

/* Begin XCConfigurationList section */
		CF34060A2020C68500C8FA9E /* Build configuration list for PBXProject "sideMenu3" */ = {
			isa = XCConfigurationList;
			buildConfigurations = (
				CF34061F2020C68500C8FA9E /* Debug */,
				CF3406202020C68500C8FA9E /* Release */,
			);
			defaultConfigurationIsVisible = 0;
			defaultConfigurationName = Release;
		};
		CF3406212020C68500C8FA9E /* Build configuration list for PBXNativeTarget "sideMenu3" */ = {
			isa = XCConfigurationList;
			buildConfigurations = (
				CF3406222020C68500C8FA9E /* Debug */,
				CF3406232020C68500C8FA9E /* Release */,
			);
			defaultConfigurationIsVisible = 0;
			defaultConfigurationName = Release;
		};
/* End XCConfigurationList section */
	};
	rootObject = CF3406072020C68500C8FA9E /* Project object */;
}
